49.016620 -122.486980 500  CASAG Vancouver BC
50.571232 -105.182848 500  CASBE Regina SK
45.706340 -73.858520 500  CASBV Montreal QB
45.793170 -80.533850 500  CASBI Britt ON
53.560560 -114.144950 500  CASCV Edmonton AB
46.222320 -65.699240 500  CASCM Central New Brunswick NB
54.378500 -110.061378 500  CASCL NW SK / NE AB
49.858230 -92.796980 500  CASDR Western Ontario
44.230566 -79.780330 500  CASTS Southern Ontario
43.372430 -81.380700 500  CASET Exeter ON
56.375642 -111.215177 500  CASFM NE Alberta
50.548870 -101.085700 500  CASFW Eastern SK/Western MB
45.041010 -76.116170 500  CASFT Eastern Ontario
45.098500 -63.704330 500  CASGO Gore NS
49.527017 -123.853583 500  CASHP Sechelt BC
47.326440 -53.126580 500  CASHR Eastern NF
43.963930 -79.573880 500  CASKR Southern Ontario
48.551360 -77.808090 500  CASLA Amos QB
48.930280 -57.834170 500  CASMM Western NF
45.949720 -60.205210 500  CASMB Marion Bridge NS
47.977908 -71.430833 500  CASMA Mont-Apica QB
47.247730 -84.596520 500  CASMR Sault Ste Marie ON
50.369500 -119.064360 500  CASSS Vernon BC
53.613080 -122.954410 500  CASPG Northern BC
52.520480 -107.442690 500  CASRA Saskatoon SK
46.449556 -71.913831 500  CASSF SW of Quebec City QB
50.312500 -110.195560 500  CASSU Medicine Hat AB
49.281460 -81.794060 500  CASRF Northeaster ON
55.694940 -119.230430 500  CASSR Grande Prairie AB
51.206130 -113.399370 500  CASSM Calgary AB
48.595876 -89.100129 500  CASSN Shuniah ON
48.480280 -67.601110 500  CASVD Lower St. Lawrence QB
50.153890 -97.778330 500  CASWL Winnipeg MB